{
  "name": "binance-bot",
  "version": "1.0.0",
  "lockfileVersion": 1,
  "requires": true,
  "dependencies": {
    "ccxt": {
      "version": "1.48.34",
      "resolved": "https://registry.npmjs.org/ccxt/-/ccxt-1.48.34.tgz",
      "integrity": "sha512-6bxXFTvcKDTMG2KJhkaXSn38WlCUXFruZx8mwD02LKmuWarPGKaNyfvFrlmtH+Tf6pYJHbcQghWYlJk9akW/Ww=="
    },
    "dotenv": {
      "version": "8.2.0",
      "resolved": "https://registry.npmjs.org/dotenv/-/dotenv-8.2.0.tgz",
      "integrity": "sha512-8sJ78ElpbDJBHNeBzUbUVLsqKdccaa/BXF1uPTw3GrvQTBgrQrtObr2mUrE38vzYd8cEv+m/JBfDLioYcfXoaw=="
    }
  }
}
